
Microsoft Visual Studio Solution File, Format Version 12.00
# Visual Studio 14
VisualStudioVersion = 14.0.24720.0
MinimumVisualStudioVersion = 10.0.40219.1
Project("{FAE04EC0-301F-11D3-BF4B-00C04F79EFBC}") = "GakuenAPI", "GakuenAPI\GakuenAPI.csproj", "{6FB52A63-3195-45D5-93E2-03A4BF48D871}"
EndProject
Project("{FAE04EC0-301F-11D3-BF4B-00C04F79EFBC}") = "GakuenDLL", "GakuenDLL\GakuenDLL.csproj", "{F8AAB6CB-B66B-4BCC-907B-82D556D644DE}"
EndProject
Global
	GlobalSection(SolutionConfigurationPlatforms) = preSolution
		Debug|Any CPU = Debug|Any CPU
		Release|Any CPU = Release|Any CPU
	EndGlobalSection
	GlobalSection(ProjectConfigurationPlatforms) = postSolution
		{6FB52A63-3195-45D5-93E2-03A4BF48D871}.Debug|Any CPU.ActiveCfg = Debug|Any CPU
		{6FB52A63-3195-45D5-93E2-03A4BF48D871}.Debug|Any CPU.Build.0 = Debug|Any CPU
		{6FB52A63-3195-45D5-93E2-03A4BF48D871}.Release|Any CPU.ActiveCfg = Release|Any CPU
		{6FB52A63-3195-45D5-93E2-03A4BF48D871}.Release|Any CPU.Build.0 = Release|Any CPU
		{F8AAB6CB-B66B-4BCC-907B-82D556D644DE}.Debug|Any CPU.ActiveCfg = Debug|Any CPU
		{F8AAB6CB-B66B-4BCC-907B-82D556D644DE}.Debug|Any CPU.Build.0 = Debug|Any CPU
		{F8AAB6CB-B66B-4BCC-907B-82D556D644DE}.Release|Any CPU.ActiveCfg = Release|Any CPU
		{F8AAB6CB-B66B-4BCC-907B-82D556D644DE}.Release|Any CPU.Build.0 = Release|Any CPU
	EndGlobalSection
	GlobalSection(SolutionProperties) = preSolution
		HideSolutionNode = FALSE
	EndGlobalSection
EndGlobal
